
Microsoft Visual Studio Solution File, Format Version 12.00
# Visual Studio 2012
Project("{FAE04EC0-301F-11D3-BF4B-00C04F79EFBC}") = "Memory.iOS", "Memory.iOS.csproj", "{FE69DD72-73D4-4699-95E4-12BD776E52BC}"
EndProject
Global
	GlobalSection(SolutionConfigurationPlatforms) = preSolution
		Debug|iPhoneSimulator = Debug|iPhoneSimulator
		Release|iPhone = Release|iPhone
		Release|iPhoneSimulator = Release|iPhoneSimulator
		Debug|iPhone = Debug|iPhone
	EndGlobalSection
	GlobalSection(ProjectConfigurationPlatforms) = postSolution
		{FE69DD72-73D4-4699-95E4-12BD776E52BC}.Debug|iPhoneSimulator.ActiveCfg = Debug|iPhoneSimulator
		{FE69DD72-73D4-4699-95E4-12BD776E52BC}.Debug|iPhoneSimulator.Build.0 = Debug|iPhoneSimulator
		{FE69DD72-73D4-4699-95E4-12BD776E52BC}.Release|iPhone.ActiveCfg = Release|iPhone
		{FE69DD72-73D4-4699-95E4-12BD776E52BC}.Release|iPhone.Build.0 = Release|iPhone
		{FE69DD72-73D4-4699-95E4-12BD776E52BC}.Release|iPhoneSimulator.ActiveCfg = Release|iPhoneSimulator
		{FE69DD72-73D4-4699-95E4-12BD776E52BC}.Release|iPhoneSimulator.Build.0 = Release|iPhoneSimulator
		{FE69DD72-73D4-4699-95E4-12BD776E52BC}.Debug|iPhone.ActiveCfg = Debug|iPhone
		{FE69DD72-73D4-4699-95E4-12BD776E52BC}.Debug|iPhone.Build.0 = Debug|iPhone
	EndGlobalSection
EndGlobal
